# This file is automatically @generated by Cargo.
# It is not intended for manual editing.
version = 4

[[package]]
name = "pantry-domain"
version = "0.0.0"

[[package]]
name = "pantry-shell"
version = "0.0.0"
dependencies = [
 "pantry-domain",
]

[[package]]
name = "shopping-reactor"
version = "0.0.0"
dependencies = [
 "pantry-shell",
]
